// !$*UTF8*$!
{
	archiveVersion = 1;
	classes = {
	};
	objectVersion = 46;
	objects = {

/* Begin PBXBuildFile section */
		0E36BF9E1C36F029000BAA7E /* AppDelegate.swift in Sources */ = {isa = PBXBuildFile; fileRef = 0E36BF9D1C36F029000BAA7E /* AppDelegate.swift */; };
		0E36BFA01C36F029000BAA7E /* ViewController.swift in Sources */ = {isa = PBXBuildFile; fileRef = 0E36BF9F1C36F029000BAA7E /* ViewController.swift */; };
		0E36BFA31C36F029000BAA7E /* Main.storyboard in Resources */ = {isa = PBXBuildFile; fileRef = 0E36BFA11C36F029000BAA7E /* Main.storyboard */; };
		0E36BFA51C36F029000BAA7E /* Assets.xcassets in Resources */ = {isa = PBXBuildFile; fileRef = 0E36BFA41C36F029000BAA7E /* Assets.xcassets */; };
		0E36BFA81C36F029000BAA7E /* LaunchScreen.storyboard in Resources */ = {isa = PBXBuildFile; fileRef = 0E36BFA61C36F029000BAA7E /* LaunchScreen.storyboard */; };
/* End PBXBuildFile section */

/* Begin PBXFileReference section */
		0E36BF9A1C36F028000BAA7E /* rpgoop.app */ = {isa = PBXFileReference; explicitFileType = wrapper.application; includeInIndex = 0; path = rpgoop.app; sourceTree = BUILT_PRODUCTS_DIR; };
		0E36BF9D1C36F029000BAA7E /* AppDelegate.swift */ = {isa = PBXFileReference; lastKnownFileType = sourcecode.swift; path = AppDelegate.swift; sourceTree = "<group>"; };
		0E36BF9F1C36F029000BAA7E /* ViewController.swift */ = {isa = PBXFileReference; lastKnownFileType = sourcecode.swift; path = ViewController.swift; sourceTree = "<group>"; };
		0E36BFA21C36F029000BAA7E /* Base */ = {isa = PBXFileReference; lastKnownFileType = file.storyboard; name = Base; path = Base.lproj/Main.storyboard; sourceTree = "<group>"; };
		0E36BFA41C36F029000BAA7E /* Assets.xcassets */ = {isa = PBXFileReference; lastKnownFileType = folder.assetcatalog; path = Assets.xcassets; sourceTree = "<group>"; };
		0E36BFA71C36F029000BAA7E /* Base */ = {isa = PBXFileReference; lastKnownFileType = file.storyboard; name = Base; path = Base.lproj/LaunchScreen.storyboard; sourceTree = "<group>"; };
		0E36BFA91C36F029000BAA7E /* Info.plist */ = {isa = PBXFileReference; lastKnownFileType = text.plist.xml; path = Info.plist; sourceTree = "<group>"; };
/* End PBXFileReference section */

/* Begin PBXFrameworksBuildPhase section */
		0E36BF971C36F028000BAA7E /* Frameworks */ = {
			isa = PBXFrameworksBuildPhase;
			buildActionMask = 2147483647;
			files = (
			);
			runOnlyForDeploymentPostprocessing = 0;
		};
/* End PBXFrameworksBuildPhase section */

/* Begin PBXGroup section */
		0E36BF911C36F028000BAA7E = {
			isa = PBXGroup;
			children = (
				0E36BF9C1C36F029000BAA7E /* rpgoop */,
				0E36BF9B1C36F028000BAA7E /* Products */,
			);
			sourceTree = "<group>";
		};
		0E36BF9B1C36F028000BAA7E /* Products */ = {
			isa = PBXGroup;
			children = (
				0E36BF9A1C36F028000BAA7E /* rpgoop.app */,
			);
			name = Products;
			sourceTree = "<group>";
		};
		0E36BF9C1C36F029000BAA7E /* rpgoop */ = {
			isa = PBXGroup;
			children = (
				0E36BF9D1C36F029000BAA7E /* AppDelegate.swift */,
				0E36BF9F1C36F029000BAA7E /* ViewController.swift */,
				0E36BFA11C36F029000BAA7E /* Main.storyboard */,
				0E36BFA41C36F029000BAA7E /* Assets.xcassets */,
				0E36BFA61C36F029000BAA7E /* LaunchScreen.storyboard */,
				0E36BFA91C36F029000BAA7E /* Info.plist */,
			);
			path = rpgoop;
			sourceTree = "<group>";
		};
/* End PBXGroup section */

/* Begin PBXNativeTarget section */
		0E36BF991C36F028000BAA7E /* rpgoop */ = {
			isa = PBXNativeTarget;
			buildConfigurationList = 0E36BFAC1C36F029000BAA7E /* Build configuration list for PBXNativeTarget "rpgoop" */;
			buildPhases = (
				0E36BF961C36F028000BAA7E /* Sources */,
				0E36BF971C36F028000BAA7E /* Frameworks */,
				0E36BF981C36F028000BAA7E /* Resources */,
			);
			buildRules = (
			);
			dependencies = (
			);
			name = rpgoop;
			productName = rpgoop;
			productReference = 0E36BF9A1C36F028000BAA7E /* rpgoop.app */;
			productType = "com.apple.product-type.application";
		};
/* End PBXNativeTarget section */

/* Begin PBXProject section */
		0E36BF921C36F028000BAA7E /* Project object */ = {
			isa = PBXProject;
			attributes = {
				LastSwiftUpdateCheck = 0720;
				LastUpgradeCheck = 0720;
				ORGANIZATIONNAME = "Jonatan Knudsen";
				TargetAttributes = {
					0E36BF991C36F028000BAA7E = {
						CreatedOnToolsVersion = 7.2;
					};
				};
			};
			buildConfigurationList = 0E36BF951C36F028000BAA7E /* Build configuration list for PBXProject "rpgoop" */;
			compatibilityVersion = "Xcode 3.2";
			developmentRegion = English;
			hasScannedForEncodings = 0;
			knownRegions = (
				en,
				Base,
			);
			mainGroup = 0E36BF911C36F028000BAA7E;
			productRefGroup = 0E36BF9B1C36F028000BAA7E /* Products */;
			projectDirPath = "";
			projectRoot = "";
			targets = (
				0E36BF991C36F028000BAA7E /* rpgoop */,
			);
		};
/* End PBXProject section */

/* Begin PBXResourcesBuildPhase section */
		0E36BF981C36F028000BAA7E /* Resources */ = {
			isa = PBXResourcesBuildPhase;
			buildActionMask = 2147483647;
			files = (
				0E36BFA81C36F029000BAA7E /* LaunchScreen.storyboard in Resources */,
				0E36BFA51C36F029000BAA7E /* Assets.xcassets in Resources */,
				0E36BFA31C36F029000BAA7E /* Main.storyboard in Resources */,
			);
			runOnlyForDeploymentPostprocessing = 0;
		};
/* End PBXResourcesBuildPhase section */

/* Begin PBXSourcesBuildPhase section */
		0E36BF961C36F028000BAA7E /* Sources */ = {
			isa = PBXSourcesBuildPhase;
			buildActionMask = 2147483647;
			files = (
				0E36BFA01C36F029000BAA7E /* ViewController.swift in Sources */,
				0E36BF9E1C36F029000BAA7E /* AppDelegate.swift in Sources */,
			);
			runOnlyForDeploymentPostprocessing = 0;
		};
/* End PBXSourcesBuildPhase section */

/* Begin PBXVariantGroup section */
		0E36BFA11C36F029000BAA7E /* Main.storyboard */ = {
			isa = PBXVariantGroup;
			children = (
				0E36BFA21C36F029000BAA7E /* Base */,
			);
			name = Main.storyboard;
			sourceTree = "<group>";
		};
		0E36BFA61C36F029000BAA7E /* LaunchScreen.storyboard */ = {
			isa = PBXVariantGroup;
			children = (
				0E36BFA71C36F029000BAA7E /* Base */,
			);
			name = LaunchScreen.storyboard;
			sourceTree = "<group>";
		};
/* End PBXVariantGroup section */

/* Begin XCBuildConfiguration section */
		0E36BFAA1C36F029000BAA7E /* Debug */ = {
			isa = XCBuildConfiguration;
			buildSettings = {
				ALWAYS_SEARCH_USER_PATHS = NO;
				CLANG_CXX_LANGUAGE_STANDARD = "gnu++0x";
				CLANG_CXX_LIBRARY = "libc++";
				CLANG_ENABLE_MODULES = YES;
				CLANG_ENABLE_OBJC_ARC = YES;
				CLANG_WARN_BOOL_CONVERSION = YES;
				CLANG_WARN_CONSTANT_CONVERSION = YES;
				CLANG_WARN_DIRECT_OBJC_ISA_USAGE = YES_ERROR;
				CLANG_WARN_EMPTY_BODY = YES;
				CLANG_WARN_ENUM_CONVERSION = YES;
				CLANG_WARN_INT_CONVERSION = YES;
				CLANG_WARN_OBJC_ROOT_CLASS = YES_ERROR;
				CLANG_WARN_UNREACHABLE_CODE = YES;
				CLANG_WARN__DUPLICATE_METHOD_MATCH = YES;
				"CODE_SIGN_IDENTITY[sdk=iphoneos*]" = "iPhone Developer";
				COPY_PHASE_STRIP = NO;
				DEBUG_INFORMATION_FORMAT = dwarf;
				ENABLE_STRICT_OBJC_MSGSEND = YES;
				ENABLE_TESTABILITY = YES;
				GCC_C_LANGUAGE_STANDARD = gnu99;
				GCC_DYNAMIC_NO_PIC = NO;
				GCC_NO_COMMON_BLOCKS = YES;
				GCC_OPTIMIZATION_LEVEL = 0;
				GCC_PREPROCESSOR_DEFINITIONS = (
					"DEBUG=1",
					"$(inherited)",
				);
				GCC_WARN_64_TO_32_BIT_CONVERSION = YES;
				GCC_WARN_ABOUT_RETURN_TYPE = YES_ERROR;
				GCC_WARN_UNDECLARED_SELECTOR = YES;
				GCC_WARN_UNINITIALIZED_AUTOS = YES_AGGRESSIVE;
				GCC_WARN_UNUSED_FUNCTION = YES;
				GCC_WARN_UNUSED_VARIABLE = YES;
				IPHONEOS_DEPLOYMENT_TARGET = 9.2;
				MTL_ENABLE_DEBUG_INFO = YES;
				ONLY_ACTIVE_ARCH = YES;
				SDKROOT = iphoneos;
				SWIFT_OPTIMIZATION_LEVEL = "-Onone";
				TARGETED_DEVICE_FAMILY = "1,2";
			};
			name = Debug;
		};
		0E36BFAB1C36F029000BAA7E /* Release */ = {
			isa = XCBuildConfiguration;
			buildSettings = {
				ALWAYS_SEARCH_USER_PATHS = NO;
				CLANG_CXX_LANGUAGE_STANDARD = "gnu++0x";
				CLANG_CXX_LIBRARY = "libc++";
				CLANG_ENABLE_MODULES = YES;
				CLANG_ENABLE_OBJC_ARC = YES;
				CLANG_WARN_BOOL_CONVERSION = YES;
				CLANG_WARN_CONSTANT_CONVERSION = YES;
				CLANG_WARN_DIRECT_OBJC_ISA_USAGE = YES_ERROR;
				CLANG_WARN_EMPTY_BODY = YES;
				CLANG_WARN_ENUM_CONVERSION = YES;
				CLANG_WARN_INT_CONVERSION = YES;
				CLANG_WARN_OBJC_ROOT_CLASS = YES_ERROR;
				CLANG_WARN_UNREACHABLE_CODE = YES;
				CLANG_WARN__DUPLICATE_METHOD_MATCH = YES;
				"CODE_SIGN_IDENTITY[sdk=iphoneos*]" = "iPhone Developer";
				COPY_PHASE_STRIP = NO;
				DEBUG_INFORMATION_FORMAT = "dwarf-with-dsym";
				ENABLE_NS_ASSERTIONS = NO;
				ENABLE_STRICT_OBJC_MSGSEND = YES;
				GCC_C_LANGUAGE_STANDARD = gnu99;
				GCC_NO_COMMON_BLOCKS = YES;
				GCC_WARN_64_TO_32_BIT_CONVERSION = YES;
				GCC_WARN_ABOUT_RETURN_TYPE = YES_ERROR;
				GCC_WARN_UNDECLARED_SELECTOR = YES;
				GCC_WARN_UNINITIALIZED_AUTOS = YES_AGGRESSIVE;
				GCC_WARN_UNUSED_FUNCTION = YES;
				GCC_WARN_UNUSED_VARIABLE = YES;
				IPHONEOS_DEPLOYMENT_TARGET = 9.2;
				MTL_ENABLE_DEBUG_INFO = NO;
				SDKROOT = iphoneos;
				TARGETED_DEVICE_FAMILY = "1,2";
				VALIDATE_PRODUCT = YES;
			};
			name = Release;
		};
		0E36BFAD1C36F029000BAA7E /* Debug */ = {
			isa = XCBuildConfiguration;
			buildSettings = {
				ASSETCATALOG_COMPILER_APPICON_NAME = AppIcon;
				INFOPLIST_FILE = rpgoop/Info.plist;
				LD_RUNPATH_SEARCH_PATHS = "$(inherited) @executable_path/Frameworks";
				PRODUCT_BUNDLE_IDENTIFIER = JK.rpgoop;
				PRODUCT_NAME = "$(TARGET_NAME)";
			};
			name = Debug;
		};
		0E36BFAE1C36F029000BAA7E /* Release */ = {
			isa = XCBuildConfiguration;
			buildSettings = {
				ASSETCATALOG_COMPILER_APPICON_NAME = AppIcon;
				INFOPLIST_FILE = rpgoop/Info.plist;
				LD_RUNPATH_SEARCH_PATHS = "$(inherited) @executable_path/Frameworks";
				PRODUCT_BUNDLE_IDENTIFIER = JK.rpgoop;
				PRODUCT_NAME = "$(TARGET_NAME)";
			};
			name = Release;
		};
/* End XCBuildConfiguration section */

/* Begin XCConfigurationList section */
		0E36BF951C36F028000BAA7E /* Build configuration list for PBXProject "rpgoop" */ = {
			isa = XCConfigurationList;
			buildConfigurations = (
				0E36BFAA1C36F029000BAA7E /* Debug */,
				0E36BFAB1C36F029000BAA7E /* Release */,
			);
			defaultConfigurationIsVisible = 0;
			defaultConfigurationName = Release;
		};
		0E36BFAC1C36F029000BAA7E /* Build configuration list for PBXNativeTarget "rpgoop" */ = {
			isa = XCConfigurationList;
			buildConfigurations = (
				0E36BFAD1C36F029000BAA7E /* Debug */,
				0E36BFAE1C36F029000BAA7E /* Release */,
			);
			defaultConfigurationIsVisible = 0;
		};
/* End XCConfigurationList section */
	};
	rootObject = 0E36BF921C36F028000BAA7E /* Project object */;
}
